{
  "version": 4,
  "terraform_version": "0.12.26",
  "serial": 283,
  "lineage": "cda52006-90fc-4aec-a630-42e69057b365",
  "outputs": {
    "cf_arn": {
      "value": "arn:aws:cloudfront::745437999005:distribution/E2IHXIMPI3MZ2X",
      "type": "string"
    },
    "cf_domain_name": {
      "value": "d244ranky0ff54.cloudfront.net",
      "type": "string"
    },
    "cf_etag": {
      "value": "E2UYU85RHS3J18",
      "type": "string"
    },
    "cf_hosted_zone_id": {
      "value": "Z2FDTNDATAQYW2",
      "type": "string"
    },
    "cf_id": {
      "value": "E2IHXIMPI3MZ2X",
      "type": "string"
    },
    "cf_status": {
      "value": "Deployed",
      "type": "string"
    },
    "s3_bucket": {
      "value": "prod-panaetius-blog-origin",
      "type": "string"
    },
    "s3_bucket_domain_name": {
      "value": "prod-panaetius-blog-origin.s3.eu-west-1.amazonaws.com",
      "type": "string"
    }
  },
  "resources": [
    {
      "mode": "data",
      "type": "archive_file",
      "name": "lambda_main",
      "provider": "provider.archive",
      "instances": [
        {
          "schema_version": 0,
          "attributes": {
            "excludes": null,
            "id": "320d4868dd37d1674e98bd790b8a54b006838d04",
            "output_base64sha256": "5EVmwQDkgGfYMpMXNaWHUz3cmb/dSssoWl8mM8o3aMs=",
            "output_md5": "611fc9e8b494e4b399217f632b8e35ed",
            "output_path": "./lambda/prod-panaetius-blog-lambda/main.js.zip",
            "output_sha": "320d4868dd37d1674e98bd790b8a54b006838d04",
            "output_size": 601,
            "source": [],
            "source_content": null,
            "source_content_filename": null,
            "source_dir": null,
            "source_file": "./lambda/prod-panaetius-blog-lambda/main.js",
            "type": "zip"
          }
        }
      ]
    },
    {
      "module": "module.cloudfront_s3_cdn",
      "mode": "data",
      "type": "aws_iam_policy_document",
      "name": "origin",
      "provider": "provider.aws",
      "instances": [
        {
          "schema_version": 0,
          "attributes": {
            "id": "3493490045",
            "json": "{\n  \"Version\": \"2012-10-17\",\n  \"Statement\": [\n    {\n      \"Sid\": \"S3GetObjectForCloudFront\",\n      \"Effect\": \"Allow\",\n      \"Action\": \"s3:GetObject\",\n      \"Resource\": \"arn:aws:s3:::${bucket_name}${origin_path}*\",\n      \"Principal\": {\n        \"AWS\": \"${cloudfront_origin_access_identity_iam_arn}\"\n      }\n    },\n    {\n      \"Sid\": \"S3ListBucketForCloudFront\",\n      \"Effect\": \"Allow\",\n      \"Action\": \"s3:ListBucket\",\n      \"Resource\": \"arn:aws:s3:::${bucket_name}\",\n      \"Principal\": {\n        \"AWS\": \"${cloudfront_origin_access_identity_iam_arn}\"\n      }\n    },\n    {\n      \"Sid\": \"PublicRead\",\n      \"Effect\": \"Allow\",\n      \"Action\": [\n        \"s3:GetObject\"\n      ],\n      \"Resource\": \"arn:aws:s3:::prod-panaetius-blog-origin/*\",\n      \"Principal\": \"*\"\n    }\n  ]\n}",
            "override_json": "{\n  \"Version\": \"2012-10-17\",\n  \"Statement\": [\n    {\n      \"Sid\":\"PublicRead\",\n      \"Effect\":\"Allow\",\n      \"Principal\":\"*\",\n      \"Action\":[\"s3:GetObject\"],\n      \"Resource\":\"arn:aws:s3:::prod-panaetius-blog-origin/*\"\n    }\n  ]\n}\n",
            "policy_id": null,
            "source_json": null,
            "statement": [
              {
                "actions": [
                  "s3:GetObject"
                ],
                "condition": [],
                "effect": "Allow",
                "not_actions": [],
                "not_principals": [],
                "not_resources": [],
                "principals": [
                  {
                    "identifiers": [
                      "${cloudfront_origin_access_identity_iam_arn}"
                    ],
                    "type": "AWS"
                  }
                ],
                "resources": [
                  "arn:aws:s3:::${bucket_name}${origin_path}*"
                ],
                "sid": "S3GetObjectForCloudFront"
              },
              {
                "actions": [
                  "s3:ListBucket"
                ],
                "condition": [],
                "effect": "Allow",
                "not_actions": [],
                "not_principals": [],
                "not_resources": [],
                "principals": [
                  {
                    "identifiers": [
                      "${cloudfront_origin_access_identity_iam_arn}"
                    ],
                    "type": "AWS"
                  }
                ],
                "resources": [
                  "arn:aws:s3:::${bucket_name}"
                ],
                "sid": "S3ListBucketForCloudFront"
              }
            ],
            "version": "2012-10-17"
          }
        }
      ]
    },
    {
      "module": "module.cloudfront_s3_cdn",
      "mode": "data",
      "type": "aws_iam_policy_document",
      "name": "origin_website",
      "provider": "provider.aws",
      "instances": [
        {
          "schema_version": 0,
          "attributes": {
            "id": "736817168",
            "json": "{\n  \"Version\": \"2012-10-17\",\n  \"Statement\": [\n    {\n      \"Sid\": \"S3GetObjectForCloudFront\",\n      \"Effect\": \"Allow\",\n      \"Action\": \"s3:GetObject\",\n      \"Resource\": \"arn:aws:s3:::${bucket_name}${origin_path}*\",\n      \"Principal\": {\n        \"AWS\": \"*\"\n      }\n    },\n    {\n      \"Sid\": \"PublicRead\",\n      \"Effect\": \"Allow\",\n      \"Action\": [\n        \"s3:GetObject\"\n      ],\n      \"Resource\": \"arn:aws:s3:::prod-panaetius-blog-origin/*\",\n      \"Principal\": \"*\"\n    }\n  ]\n}",
            "override_json": "{\n  \"Version\": \"2012-10-17\",\n  \"Statement\": [\n    {\n      \"Sid\":\"PublicRead\",\n      \"Effect\":\"Allow\",\n      \"Principal\":\"*\",\n      \"Action\":[\"s3:GetObject\"],\n      \"Resource\":\"arn:aws:s3:::prod-panaetius-blog-origin/*\"\n    }\n  ]\n}\n",
            "policy_id": null,
            "source_json": null,
            "statement": [
              {
                "actions": [
                  "s3:GetObject"
                ],
                "condition": [],
                "effect": "Allow",
                "not_actions": [],
                "not_principals": [],
                "not_resources": [],
                "principals": [
                  {
                    "identifiers": [
                      "*"
                    ],
                    "type": "AWS"
                  }
                ],
                "resources": [
                  "arn:aws:s3:::${bucket_name}${origin_path}*"
                ],
                "sid": "S3GetObjectForCloudFront"
              }
            ],
            "version": "2012-10-17"
          }
        }
      ]
    },
    {
      "module": "module.cloudfront_s3_cdn",
      "mode": "data",
      "type": "aws_region",
      "name": "current",
      "provider": "provider.aws",
      "instances": [
        {
          "schema_version": 0,
          "attributes": {
            "current": null,
            "description": "Europe (Ireland)",
            "endpoint": "ec2.eu-west-1.amazonaws.com",
            "id": "eu-west-1",
            "name": "eu-west-1"
          }
        }
      ]
    },
    {
      "module": "module.cloudfront_s3_cdn.module.dns",
      "mode": "data",
      "type": "aws_route53_zone",
      "name": "default",
      "each": "list",
      "provider": "provider.aws",
      "instances": [
        {
          "index_key": 0,
          "schema_version": 0,
          "attributes": {
            "caller_reference": "321439A9-2EB4-9C82-858E-22E353E3CC06",
            "comment": "blog",
            "id": "Z05316671VABVSMAAF1RC",
            "linked_service_description": null,
            "linked_service_principal": null,
            "name": "panaetius.io.",
            "name_servers": [
              "ns-1774.awsdns-29.co.uk",
              "ns-667.awsdns-19.net",
              "ns-1261.awsdns-29.org",
              "ns-401.awsdns-50.com"
            ],
            "private_zone": false,
            "resource_record_set_count": 5,
            "tags": {},
            "vpc_id": null,
            "zone_id": "Z05316671VABVSMAAF1RC"
          }
        }
      ]
    },
    {
      "module": "module.cloudfront_s3_cdn",
      "mode": "data",
      "type": "aws_s3_bucket",
      "name": "selected",
      "provider": "provider.aws",
      "instances": [
        {
          "schema_version": 0,
          "attributes": {
            "arn": "arn:aws:s3:::prod-panaetius-blog-origin",
            "bucket": "prod-panaetius-blog-origin",
            "bucket_domain_name": "prod-panaetius-blog-origin.s3.amazonaws.com",
            "bucket_regional_domain_name": "prod-panaetius-blog-origin.s3.eu-west-1.amazonaws.com",
            "hosted_zone_id": "Z1BKCTXD74EZPE",
            "id": "prod-panaetius-blog-origin",
            "region": "eu-west-1",
            "website_domain": null,
            "website_endpoint": null
          }
        }
      ]
    },
    {
      "module": "module.cloudfront_s3_cdn",
      "mode": "data",
      "type": "template_file",
      "name": "default",
      "provider": "provider.template",
      "instances": [
        {
          "schema_version": 0,
          "attributes": {
            "filename": null,
            "id": "ef8d6cdd8c782d412e41e1e574ea39e8674f2d80726946a8f8dbe8ea50c1ac8b",
            "rendered": "{\n  \"Version\": \"2012-10-17\",\n  \"Statement\": [\n    {\n      \"Sid\": \"S3GetObjectForCloudFront\",\n      \"Effect\": \"Allow\",\n      \"Action\": \"s3:GetObject\",\n      \"Resource\": \"arn:aws:s3:::prod-panaetius-blog-origin/*\",\n      \"Principal\": {\n        \"AWS\": \"arn:aws:iam::cloudfront:user/CloudFront Origin Access Identity E21A7YWJ1RT3K5\"\n      }\n    },\n    {\n      \"Sid\": \"S3ListBucketForCloudFront\",\n      \"Effect\": \"Allow\",\n      \"Action\": \"s3:ListBucket\",\n      \"Resource\": \"arn:aws:s3:::prod-panaetius-blog-origin\",\n      \"Principal\": {\n        \"AWS\": \"arn:aws:iam::cloudfront:user/CloudFront Origin Access Identity E21A7YWJ1RT3K5\"\n      }\n    },\n    {\n      \"Sid\": \"PublicRead\",\n      \"Effect\": \"Allow\",\n      \"Action\": [\n        \"s3:GetObject\"\n      ],\n      \"Resource\": \"arn:aws:s3:::prod-panaetius-blog-origin/*\",\n      \"Principal\": \"*\"\n    }\n  ]\n}",
            "template": "{\n  \"Version\": \"2012-10-17\",\n  \"Statement\": [\n    {\n      \"Sid\": \"S3GetObjectForCloudFront\",\n      \"Effect\": \"Allow\",\n      \"Action\": \"s3:GetObject\",\n      \"Resource\": \"arn:aws:s3:::${bucket_name}${origin_path}*\",\n      \"Principal\": {\n        \"AWS\": \"${cloudfront_origin_access_identity_iam_arn}\"\n      }\n    },\n    {\n      \"Sid\": \"S3ListBucketForCloudFront\",\n      \"Effect\": \"Allow\",\n      \"Action\": \"s3:ListBucket\",\n      \"Resource\": \"arn:aws:s3:::${bucket_name}\",\n      \"Principal\": {\n        \"AWS\": \"${cloudfront_origin_access_identity_iam_arn}\"\n      }\n    },\n    {\n      \"Sid\": \"PublicRead\",\n      \"Effect\": \"Allow\",\n      \"Action\": [\n        \"s3:GetObject\"\n      ],\n      \"Resource\": \"arn:aws:s3:::prod-panaetius-blog-origin/*\",\n      \"Principal\": \"*\"\n    }\n  ]\n}",
            "vars": {
              "bucket_name": "prod-panaetius-blog-origin",
              "cloudfront_origin_access_identity_iam_arn": "arn:aws:iam::cloudfront:user/CloudFront Origin Access Identity E21A7YWJ1RT3K5",
              "origin_path": "/"
            }
          }
        }
      ]
    },
    {
      "module": "module.cloudfront_s3_cdn",
      "mode": "managed",
      "type": "aws_cloudfront_distribution",
      "name": "default",
      "provider": "provider.aws",
      "instances": [
        {
          "schema_version": 1,
          "attributes": {
            "active_trusted_signers": {
              "enabled": "false",
              "items.#": "0"
            },
            "aliases": [
              "panaetius.io"
            ],
            "arn": "arn:aws:cloudfront::745437999005:distribution/E2IHXIMPI3MZ2X",
            "cache_behavior": [],
            "caller_reference": "terraform-20200713232651089800000002",
            "comment": "Managed by Terraform",
            "custom_error_response": [],
            "default_cache_behavior": [
              {
                "allowed_methods": [
                  "DELETE",
                  "GET",
                  "HEAD",
                  "OPTIONS",
                  "PATCH",
                  "POST",
                  "PUT"
                ],
                "cached_methods": [
                  "GET",
                  "HEAD"
                ],
                "compress": true,
                "default_ttl": 60,
                "field_level_encryption_id": "",
                "forwarded_values": [
                  {
                    "cookies": [
                      {
                        "forward": "none",
                        "whitelisted_names": []
                      }
                    ],
                    "headers": [
                      "Access-Control-Request-Headers",
                      "Access-Control-Request-Method",
                      "Origin"
                    ],
                    "query_string": false,
                    "query_string_cache_keys": []
                  }
                ],
                "lambda_function_association": [
                  {
                    "event_type": "origin-request",
                    "include_body": false,
                    "lambda_arn": "arn:aws:lambda:us-east-1:745437999005:function:prod-panaetius-blog-directory_indexes:7"
                  }
                ],
                "max_ttl": 31536000,
                "min_ttl": 0,
                "smooth_streaming": false,
                "target_origin_id": "prod-panaetius-blog",
                "trusted_signers": [],
                "viewer_protocol_policy": "redirect-to-https"
              }
            ],
            "default_root_object": "index.html",
            "domain_name": "d244ranky0ff54.cloudfront.net",
            "enabled": true,
            "etag": "E2UYU85RHS3J18",
            "hosted_zone_id": "Z2FDTNDATAQYW2",
            "http_version": "http2",
            "id": "E2IHXIMPI3MZ2X",
            "in_progress_validation_batches": 0,
            "is_ipv6_enabled": true,
            "last_modified_time": "2020-07-21 21:34:03.839 +0000 UTC",
            "logging_config": [
              {
                "bucket": "prod-panaetius-blog-logs.s3.amazonaws.com",
                "include_cookies": false,
                "prefix": ""
              }
            ],
            "ordered_cache_behavior": [],
            "origin": [
              {
                "custom_header": [],
                "custom_origin_config": [],
                "domain_name": "prod-panaetius-blog-origin.s3.eu-west-1.amazonaws.com",
                "origin_id": "prod-panaetius-blog",
                "origin_path": "",
                "s3_origin_config": [
                  {
                    "origin_access_identity": "origin-access-identity/cloudfront/E21A7YWJ1RT3K5"
                  }
                ]
              }
            ],
            "origin_group": [],
            "price_class": "PriceClass_100",
            "restrictions": [
              {
                "geo_restriction": [
                  {
                    "locations": [],
                    "restriction_type": "none"
                  }
                ]
              }
            ],
            "retain_on_delete": false,
            "status": "Deployed",
            "tags": {
              "Description": "terraform resources to host the blog",
              "Name": "prod-panaetius-blog",
              "Project": "panaetius-blog",
              "Stage": "prod"
            },
            "viewer_certificate": [
              {
                "acm_certificate_arn": "arn:aws:acm:us-east-1:745437999005:certificate/60af49f0-07bb-4680-8f5b-3c9a33f756e5",
                "cloudfront_default_certificate": false,
                "iam_certificate_id": "",
                "minimum_protocol_version": "TLSv1",
                "ssl_support_method": "sni-only"
              }
            ],
            "wait_for_deployment": true,
            "web_acl_id": ""
          },
          "private": "eyJzY2hlbWFfdmVyc2lvbiI6IjEifQ==",
          "dependencies": [
            "aws_iam_role.lambda_role",
            "aws_iam_role_policy_attachment.lambda_logging",
            "aws_lambda_function.directory_indexes",
            "module.cloudfront_s3_cdn.aws_cloudfront_origin_access_identity.default",
            "module.cloudfront_s3_cdn.aws_s3_bucket.origin",
            "module.cloudfront_s3_cdn.module.logs.aws_s3_bucket.default"
          ]
        }
      ]
    },
    {
      "module": "module.cloudfront_s3_cdn",
      "mode": "managed",
      "type": "aws_cloudfront_origin_access_identity",
      "name": "default",
      "provider": "provider.aws",
      "instances": [
        {
          "schema_version": 0,
          "attributes": {
            "caller_reference": "terraform-20200713232645930800000001",
            "cloudfront_access_identity_path": "origin-access-identity/cloudfront/E21A7YWJ1RT3K5",
            "comment": "prod-panaetius-blog",
            "etag": "E38E5DTUJGROV",
            "iam_arn": "arn:aws:iam::cloudfront:user/CloudFront Origin Access Identity E21A7YWJ1RT3K5",
            "id": "E21A7YWJ1RT3K5",
            "s3_canonical_user_id": "2d7779400635ec843efe9b677769fc4f82b0d384408cf22382bf3a90540502e09e75d1346e7105b4da159515b229f39b"
          },
          "private": "bnVsbA=="
        }
      ]
    },
    {
      "mode": "managed",
      "type": "aws_iam_policy",
      "name": "lambda_logging",
      "provider": "provider.aws",
      "instances": [
        {
          "schema_version": 0,
          "attributes": {
            "arn": "arn:aws:iam::745437999005:policy/prod-panaetius-blog-lambda_logging",
            "description": "",
            "id": "arn:aws:iam::745437999005:policy/prod-panaetius-blog-lambda_logging",
            "name": "prod-panaetius-blog-lambda_logging",
            "name_prefix": null,
            "path": "/",
            "policy": "{\n  \"Version\": \"2012-10-17\",\n  \"Statement\": [\n    {\n      \"Action\": [\n        \"logs:CreateLogGroup\",\n        \"logs:CreateLogStream\",\n        \"logs:PutLogEvents\"\n      ],\n      \"Resource\": \"arn:aws:logs:*:*:*\",\n      \"Effect\": \"Allow\"\n    }\n  ]\n}\n"
          },
          "private": "bnVsbA=="
        }
      ]
    },
    {
      "mode": "managed",
      "type": "aws_iam_role",
      "name": "lambda_role",
      "provider": "provider.aws",
      "instances": [
        {
          "schema_version": 0,
          "attributes": {
            "arn": "arn:aws:iam::745437999005:role/prod-panaetius-blog-lambda",
            "assume_role_policy": "{\"Version\":\"2012-10-17\",\"Statement\":[{\"Effect\":\"Allow\",\"Principal\":{\"Service\":[\"lambda.amazonaws.com\",\"edgelambda.amazonaws.com\"]},\"Action\":\"sts:AssumeRole\"}]}",
            "create_date": "2020-07-21T20:01:43Z",
            "description": "",
            "force_detach_policies": false,
            "id": "prod-panaetius-blog-lambda",
            "max_session_duration": 3600,
            "name": "prod-panaetius-blog-lambda",
            "name_prefix": null,
            "path": "/",
            "permissions_boundary": null,
            "tags": {
              "Description": "terraform resources to host the blog",
              "Project": "panaetius-blog"
            },
            "unique_id": "AROA23D4RF6O2VEGAGEXM"
          },
          "private": "bnVsbA=="
        }
      ]
    },
    {
      "mode": "managed",
      "type": "aws_iam_role_policy_attachment",
      "name": "lambda_logging",
      "provider": "provider.aws",
      "instances": [
        {
          "schema_version": 0,
          "attributes": {
            "id": "prod-panaetius-blog-lambda-20200721200145100500000001",
            "policy_arn": "arn:aws:iam::745437999005:policy/prod-panaetius-blog-lambda_logging",
            "role": "prod-panaetius-blog-lambda"
          },
          "private": "bnVsbA==",
          "dependencies": [
            "aws_iam_policy.lambda_logging",
            "aws_iam_role.lambda_role"
          ]
        }
      ]
    },
    {
      "mode": "managed",
      "type": "aws_lambda_function",
      "name": "directory_indexes",
      "provider": "provider.aws.us_east_1",
      "instances": [
        {
          "schema_version": 0,
          "attributes": {
            "arn": "arn:aws:lambda:us-east-1:745437999005:function:prod-panaetius-blog-directory_indexes",
            "dead_letter_config": [],
            "description": "",
            "environment": [],
            "file_system_config": [],
            "filename": "./lambda/prod-panaetius-blog-lambda/main.js.zip",
            "function_name": "prod-panaetius-blog-directory_indexes",
            "handler": "main.handler",
            "id": "prod-panaetius-blog-directory_indexes",
            "invoke_arn": "arn:aws:apigateway:us-east-1:lambda:path/2015-03-31/functions/arn:aws:lambda:us-east-1:745437999005:function:prod-panaetius-blog-directory_indexes/invocations",
            "kms_key_arn": "",
            "last_modified": "2020-07-21T21:34:00.971+0000",
            "layers": [],
            "memory_size": 128,
            "publish": true,
            "qualified_arn": "arn:aws:lambda:us-east-1:745437999005:function:prod-panaetius-blog-directory_indexes:7",
            "reserved_concurrent_executions": -1,
            "role": "arn:aws:iam::745437999005:role/prod-panaetius-blog-lambda",
            "runtime": "nodejs12.x",
            "s3_bucket": null,
            "s3_key": null,
            "s3_object_version": null,
            "source_code_hash": "5EVmwQDkgGfYMpMXNaWHUz3cmb/dSssoWl8mM8o3aMs=",
            "source_code_size": 601,
            "tags": {
              "Description": "terraform resources to host the blog",
              "Project": "panaetius-blog"
            },
            "timeout": 3,
            "timeouts": null,
            "tracing_config": [
              {
                "mode": "PassThrough"
              }
            ],
            "version": "7",
            "vpc_config": []
          },
          "private": "eyJlMmJmYjczMC1lY2FhLTExZTYtOGY4OC0zNDM2M2JjN2M0YzAiOnsiY3JlYXRlIjo2MDAwMDAwMDAwMDB9fQ==",
          "dependencies": [
            "aws_iam_role.lambda_role",
            "aws_iam_role_policy_attachment.lambda_logging"
          ]
        }
      ]
    },
    {
      "module": "module.cloudfront_s3_cdn.module.dns",
      "mode": "managed",
      "type": "aws_route53_record",
      "name": "default",
      "each": "list",
      "provider": "provider.aws",
      "instances": [
        {
          "index_key": 0,
          "schema_version": 2,
          "attributes": {
            "alias": [
              {
                "evaluate_target_health": false,
                "name": "d244ranky0ff54.cloudfront.net",
                "zone_id": "Z2FDTNDATAQYW2"
              }
            ],
            "allow_overwrite": null,
            "failover_routing_policy": [],
            "fqdn": "panaetius.io",
            "geolocation_routing_policy": [],
            "health_check_id": "",
            "id": "Z05316671VABVSMAAF1RC_panaetius.io_A",
            "latency_routing_policy": [],
            "multivalue_answer_routing_policy": null,
            "name": "panaetius.io",
            "records": [],
            "set_identifier": "",
            "ttl": 0,
            "type": "A",
            "weighted_routing_policy": [],
            "zone_id": "Z05316671VABVSMAAF1RC"
          },
          "private": "eyJzY2hlbWFfdmVyc2lvbiI6IjIifQ==",
          "dependencies": [
            "module.cloudfront_s3_cdn.aws_cloudfront_distribution.default",
            "module.cloudfront_s3_cdn.aws_cloudfront_origin_access_identity.default",
            "module.cloudfront_s3_cdn.aws_s3_bucket.origin",
            "module.cloudfront_s3_cdn.module.logs.aws_s3_bucket.default"
          ]
        }
      ]
    },
    {
      "module": "module.cloudfront_s3_cdn.module.dns",
      "mode": "managed",
      "type": "aws_route53_record",
      "name": "ipv6",
      "each": "list",
      "provider": "provider.aws",
      "instances": [
        {
          "index_key": 0,
          "schema_version": 2,
          "attributes": {
            "alias": [
              {
                "evaluate_target_health": false,
                "name": "d244ranky0ff54.cloudfront.net",
                "zone_id": "Z2FDTNDATAQYW2"
              }
            ],
            "allow_overwrite": null,
            "failover_routing_policy": [],
            "fqdn": "panaetius.io",
            "geolocation_routing_policy": [],
            "health_check_id": "",
            "id": "Z05316671VABVSMAAF1RC_panaetius.io_AAAA",
            "latency_routing_policy": [],
            "multivalue_answer_routing_policy": null,
            "name": "panaetius.io",
            "records": [],
            "set_identifier": "",
            "ttl": 0,
            "type": "AAAA",
            "weighted_routing_policy": [],
            "zone_id": "Z05316671VABVSMAAF1RC"
          },
          "private": "eyJzY2hlbWFfdmVyc2lvbiI6IjIifQ==",
          "dependencies": [
            "module.cloudfront_s3_cdn.aws_cloudfront_distribution.default",
            "module.cloudfront_s3_cdn.aws_cloudfront_origin_access_identity.default",
            "module.cloudfront_s3_cdn.aws_s3_bucket.origin",
            "module.cloudfront_s3_cdn.module.logs.aws_s3_bucket.default"
          ]
        }
      ]
    },
    {
      "module": "module.cloudfront_s3_cdn.module.logs",
      "mode": "managed",
      "type": "aws_s3_bucket",
      "name": "default",
      "each": "list",
      "provider": "provider.aws",
      "instances": [
        {
          "index_key": 0,
          "schema_version": 0,
          "attributes": {
            "acceleration_status": "",
            "acl": "log-delivery-write",
            "arn": "arn:aws:s3:::prod-panaetius-blog-logs",
            "bucket": "prod-panaetius-blog-logs",
            "bucket_domain_name": "prod-panaetius-blog-logs.s3.amazonaws.com",
            "bucket_prefix": null,
            "bucket_regional_domain_name": "prod-panaetius-blog-logs.s3.eu-west-1.amazonaws.com",
            "cors_rule": [],
            "force_destroy": true,
            "grant": [],
            "hosted_zone_id": "Z1BKCTXD74EZPE",
            "id": "prod-panaetius-blog-logs",
            "lifecycle_rule": [
              {
                "abort_incomplete_multipart_upload_days": 0,
                "enabled": true,
                "expiration": [
                  {
                    "date": "",
                    "days": 90,
                    "expired_object_delete_marker": false
                  }
                ],
                "id": "prod-panaetius-blog-logs",
                "noncurrent_version_expiration": [
                  {
                    "days": 90
                  }
                ],
                "noncurrent_version_transition": [
                  {
                    "days": 30,
                    "storage_class": "GLACIER"
                  }
                ],
                "prefix": "",
                "tags": {},
                "transition": [
                  {
                    "date": "",
                    "days": 30,
                    "storage_class": "STANDARD_IA"
                  },
                  {
                    "date": "",
                    "days": 60,
                    "storage_class": "GLACIER"
                  }
                ]
              }
            ],
            "logging": [],
            "object_lock_configuration": [],
            "policy": "",
            "region": "eu-west-1",
            "replication_configuration": [],
            "request_payer": "BucketOwner",
            "server_side_encryption_configuration": [
              {
                "rule": [
                  {
                    "apply_server_side_encryption_by_default": [
                      {
                        "kms_master_key_id": "",
                        "sse_algorithm": "AES256"
                      }
                    ]
                  }
                ]
              }
            ],
            "tags": {
              "Attributes": "logs",
              "Description": "terraform resources to host the blog",
              "Name": "prod-panaetius-blog-logs",
              "Project": "panaetius-blog",
              "Stage": "prod"
            },
            "versioning": [
              {
                "enabled": false,
                "mfa_delete": false
              }
            ],
            "website": [],
            "website_domain": null,
            "website_endpoint": null
          },
          "private": "bnVsbA=="
        }
      ]
    },
    {
      "module": "module.cloudfront_s3_cdn",
      "mode": "managed",
      "type": "aws_s3_bucket",
      "name": "origin",
      "each": "list",
      "provider": "provider.aws",
      "instances": [
        {
          "index_key": 0,
          "schema_version": 0,
          "attributes": {
            "acceleration_status": "",
            "acl": "private",
            "arn": "arn:aws:s3:::prod-panaetius-blog-origin",
            "bucket": "prod-panaetius-blog-origin",
            "bucket_domain_name": "prod-panaetius-blog-origin.s3.amazonaws.com",
            "bucket_prefix": null,
            "bucket_regional_domain_name": "prod-panaetius-blog-origin.s3.eu-west-1.amazonaws.com",
            "cors_rule": [
              {
                "allowed_headers": [
                  "*"
                ],
                "allowed_methods": [
                  "GET",
                  "HEAD",
                  "PUT",
                  "POST"
                ],
                "allowed_origins": [
                  "*.panaetius.io",
                  "panaetius.io"
                ],
                "expose_headers": [
                  "ETag"
                ],
                "max_age_seconds": 3600
              }
            ],
            "force_destroy": true,
            "grant": [],
            "hosted_zone_id": "Z1BKCTXD74EZPE",
            "id": "prod-panaetius-blog-origin",
            "lifecycle_rule": [],
            "logging": [],
            "object_lock_configuration": [],
            "policy": null,
            "region": "eu-west-1",
            "replication_configuration": [],
            "request_payer": "BucketOwner",
            "server_side_encryption_configuration": [],
            "tags": {
              "Attributes": "origin",
              "Description": "terraform resources to host the blog",
              "Name": "prod-panaetius-blog-origin",
              "Project": "panaetius-blog",
              "Stage": "prod"
            },
            "versioning": [
              {
                "enabled": false,
                "mfa_delete": false
              }
            ],
            "website": [],
            "website_domain": null,
            "website_endpoint": null
          },
          "private": "bnVsbA=="
        }
      ]
    },
    {
      "mode": "managed",
      "type": "aws_s3_bucket",
      "name": "static_assets",
      "provider": "provider.aws",
      "instances": [
        {
          "schema_version": 0,
          "attributes": {
            "acceleration_status": "",
            "acl": "private",
            "arn": "arn:aws:s3:::prod-panaetius-blog-static-assets",
            "bucket": "prod-panaetius-blog-static-assets",
            "bucket_domain_name": "prod-panaetius-blog-static-assets.s3.amazonaws.com",
            "bucket_prefix": null,
            "bucket_regional_domain_name": "prod-panaetius-blog-static-assets.s3.eu-west-1.amazonaws.com",
            "cors_rule": [],
            "force_destroy": false,
            "grant": [],
            "hosted_zone_id": "Z1BKCTXD74EZPE",
            "id": "prod-panaetius-blog-static-assets",
            "lifecycle_rule": [],
            "logging": [],
            "object_lock_configuration": [],
            "policy": null,
            "region": "eu-west-1",
            "replication_configuration": [],
            "request_payer": "BucketOwner",
            "server_side_encryption_configuration": [],
            "tags": {
              "Description": "terraform resources to host the blog",
              "Project": "panaetius-blog"
            },
            "versioning": [
              {
                "enabled": false,
                "mfa_delete": false
              }
            ],
            "website": [],
            "website_domain": null,
            "website_endpoint": null
          },
          "private": "bnVsbA=="
        }
      ]
    },
    {
      "module": "module.cloudfront_s3_cdn",
      "mode": "managed",
      "type": "aws_s3_bucket_policy",
      "name": "default",
      "each": "list",
      "provider": "provider.aws",
      "instances": [
        {
          "index_key": 0,
          "schema_version": 0,
          "attributes": {
            "bucket": "prod-panaetius-blog-origin",
            "id": "prod-panaetius-blog-origin",
            "policy": "{\"Version\":\"2012-10-17\",\"Statement\":[{\"Sid\":\"S3GetObjectForCloudFront\",\"Effect\":\"Allow\",\"Principal\":{\"AWS\":\"arn:aws:iam::cloudfront:user/CloudFront Origin Access Identity E21A7YWJ1RT3K5\"},\"Action\":\"s3:GetObject\",\"Resource\":\"arn:aws:s3:::prod-panaetius-blog-origin/*\"},{\"Sid\":\"S3ListBucketForCloudFront\",\"Effect\":\"Allow\",\"Principal\":{\"AWS\":\"arn:aws:iam::cloudfront:user/CloudFront Origin Access Identity E21A7YWJ1RT3K5\"},\"Action\":\"s3:ListBucket\",\"Resource\":\"arn:aws:s3:::prod-panaetius-blog-origin\"},{\"Sid\":\"PublicRead\",\"Effect\":\"Allow\",\"Principal\":\"*\",\"Action\":\"s3:GetObject\",\"Resource\":\"arn:aws:s3:::prod-panaetius-blog-origin/*\"}]}"
          },
          "private": "bnVsbA==",
          "dependencies": [
            "module.cloudfront_s3_cdn.aws_s3_bucket.origin"
          ]
        }
      ]
    }
  ]
}
